
Microsoft Visual Studio Solution File, Format Version 12.00
# Visual Studio 15
VisualStudioVersion = 15.0.27703.2042
MinimumVisualStudioVersion = 10.0.40219.1
Project("{FAE04EC0-301F-11D3-BF4B-00C04F79EFBC}") = "EssentionalTools_MVC", "EssentionalTools_MVC\EssentionalTools_MVC.csproj", "{E0CA8E0D-3081-4B8F-B9DC-8284A3F6CE3A}"
EndProject
Project("{FAE04EC0-301F-11D3-BF4B-00C04F79EFBC}") = "EssentionalTools_MVC.Tests", "EssentionalTools_MVC.Tests\EssentionalTools_MVC.Tests.csproj", "{4AFFC369-7BBE-43A8-A69B-DAEA4A13D2B3}"
EndProject
Global
	GlobalSection(SolutionConfigurationPlatforms) = preSolution
		Debug|Any CPU = Debug|Any CPU
		Release|Any CPU = Release|Any CPU
	EndGlobalSection
	GlobalSection(ProjectConfigurationPlatforms) = postSolution
		{E0CA8E0D-3081-4B8F-B9DC-8284A3F6CE3A}.Debug|Any CPU.ActiveCfg = Debug|Any CPU
		{E0CA8E0D-3081-4B8F-B9DC-8284A3F6CE3A}.Debug|Any CPU.Build.0 = Debug|Any CPU
		{E0CA8E0D-3081-4B8F-B9DC-8284A3F6CE3A}.Release|Any CPU.ActiveCfg = Release|Any CPU
		{E0CA8E0D-3081-4B8F-B9DC-8284A3F6CE3A}.Release|Any CPU.Build.0 = Release|Any CPU
		{4AFFC369-7BBE-43A8-A69B-DAEA4A13D2B3}.Debug|Any CPU.ActiveCfg = Debug|Any CPU
		{4AFFC369-7BBE-43A8-A69B-DAEA4A13D2B3}.Debug|Any CPU.Build.0 = Debug|Any CPU
		{4AFFC369-7BBE-43A8-A69B-DAEA4A13D2B3}.Release|Any CPU.ActiveCfg = Release|Any CPU
		{4AFFC369-7BBE-43A8-A69B-DAEA4A13D2B3}.Release|Any CPU.Build.0 = Release|Any CPU
	EndGlobalSection
	GlobalSection(SolutionProperties) = preSolution
		HideSolutionNode = FALSE
	EndGlobalSection
	GlobalSection(ExtensibilityGlobals) = postSolution
		SolutionGuid = {5B65CA1C-1E29-4400-8AF7-23121DDC563C}
	EndGlobalSection
EndGlobal
